
Microsoft Visual Studio Solution File, Format Version 12.00
# Visual Studio Version 18
VisualStudioVersion = 18.0.11222.15 d18.0
MinimumVisualStudioVersion = 10.0.40219.1
Project("{9A19103F-16F7-4668-BE54-9A1E7A4F7556}") = "AvaloniaUI.Ribbon", "AvaloniaUI.Ribbon\AvaloniaUI.Ribbon.csproj", "{49D7DCC7-BD40-41D3-9F18-C653476E6AA2}"
EndProject
Project("{9A19103F-16F7-4668-BE54-9A1E7A4F7556}") = "AvaloniaUI.Ribbon.Desktop", "AvaloniaUI.Ribbon.Desktop\AvaloniaUI.Ribbon.Desktop.csproj", "{F2F7E655-E83D-4024-B155-CA5FCE3A827B}"
EndProject
Project("{2150E333-8FDC-42A3-9474-1A3956D46DE8}") = "Solution Items", "Solution Items", "{5C7486EA-CC17-411E-AF7A-0410EB2A2F34}"
	ProjectSection(SolutionItems) = preProject
		.gitignore = .gitignore
		CleanupFolders.bat = CleanupFolders.bat
		LICENSE = LICENSE
		README.md = README.md
	EndProjectSection
EndProject
Project("{FAE04EC0-301F-11D3-BF4B-00C04F79EFBC}") = "AvaloniaUI.Ribbon.Demo", "AvaloniaUI.Ribbon.Demo\AvaloniaUI.Ribbon.Demo.csproj", "{2C3E39B6-34FD-45A5-AD0C-5C14B628B16D}"
EndProject
Project("{FAE04EC0-301F-11D3-BF4B-00C04F79EFBC}") = "AvaloniaUI.Ribbon.Demo.Browser", "AvaloniaUI.Ribbon.Demo.Browser\AvaloniaUI.Ribbon.Demo.Browser.csproj", "{460DFAA4-9D6F-49F1-AD78-08B8A427EA88}"
EndProject
Project("{FAE04EC0-301F-11D3-BF4B-00C04F79EFBC}") = "AvaloniaUI.Ribbon.Demo.Desktop", "AvaloniaUI.Ribbon.Demo.Desktop\AvaloniaUI.Ribbon.Demo.Desktop.csproj", "{037EA203-3811-4A96-BB84-AD22BA1F17ED}"
EndProject
Global
	GlobalSection(SolutionConfigurationPlatforms) = preSolution
		Debug|Any CPU = Debug|Any CPU
		Release|Any CPU = Release|Any CPU
	EndGlobalSection
	GlobalSection(ProjectConfigurationPlatforms) = postSolution
		{49D7DCC7-BD40-41D3-9F18-C653476E6AA2}.Debug|Any CPU.ActiveCfg = Debug|Any CPU
		{49D7DCC7-BD40-41D3-9F18-C653476E6AA2}.Debug|Any CPU.Build.0 = Debug|Any CPU
		{49D7DCC7-BD40-41D3-9F18-C653476E6AA2}.Release|Any CPU.ActiveCfg = Release|Any CPU
		{49D7DCC7-BD40-41D3-9F18-C653476E6AA2}.Release|Any CPU.Build.0 = Release|Any CPU
		{F2F7E655-E83D-4024-B155-CA5FCE3A827B}.Debug|Any CPU.ActiveCfg = Debug|Any CPU
		{F2F7E655-E83D-4024-B155-CA5FCE3A827B}.Debug|Any CPU.Build.0 = Debug|Any CPU
		{F2F7E655-E83D-4024-B155-CA5FCE3A827B}.Release|Any CPU.ActiveCfg = Release|Any CPU
		{F2F7E655-E83D-4024-B155-CA5FCE3A827B}.Release|Any CPU.Build.0 = Release|Any CPU
		{2C3E39B6-34FD-45A5-AD0C-5C14B628B16D}.Debug|Any CPU.ActiveCfg = Debug|Any CPU
		{2C3E39B6-34FD-45A5-AD0C-5C14B628B16D}.Debug|Any CPU.Build.0 = Debug|Any CPU
		{2C3E39B6-34FD-45A5-AD0C-5C14B628B16D}.Release|Any CPU.ActiveCfg = Release|Any CPU
		{2C3E39B6-34FD-45A5-AD0C-5C14B628B16D}.Release|Any CPU.Build.0 = Release|Any CPU
		{460DFAA4-9D6F-49F1-AD78-08B8A427EA88}.Debug|Any CPU.ActiveCfg = Debug|Any CPU
		{460DFAA4-9D6F-49F1-AD78-08B8A427EA88}.Debug|Any CPU.Build.0 = Debug|Any CPU
		{460DFAA4-9D6F-49F1-AD78-08B8A427EA88}.Release|Any CPU.ActiveCfg = Release|Any CPU
		{460DFAA4-9D6F-49F1-AD78-08B8A427EA88}.Release|Any CPU.Build.0 = Release|Any CPU
		{037EA203-3811-4A96-BB84-AD22BA1F17ED}.Debug|Any CPU.ActiveCfg = Debug|Any CPU
		{037EA203-3811-4A96-BB84-AD22BA1F17ED}.Debug|Any CPU.Build.0 = Debug|Any CPU
		{037EA203-3811-4A96-BB84-AD22BA1F17ED}.Release|Any CPU.ActiveCfg = Release|Any CPU
		{037EA203-3811-4A96-BB84-AD22BA1F17ED}.Release|Any CPU.Build.0 = Release|Any CPU
	EndGlobalSection
	GlobalSection(SolutionProperties) = preSolution
		HideSolutionNode = FALSE
	EndGlobalSection
	GlobalSection(ExtensibilityGlobals) = postSolution
		SolutionGuid = {F0928176-2D27-4D65-A1AD-C5CDDC9C98E3}
	EndGlobalSection
EndGlobal
